
Microsoft Visual Studio Solution File, Format Version 12.00
# Visual Studio 15
VisualStudioVersion = 15.0.28307.902
MinimumVisualStudioVersion = 10.0.40219.1
Project("{FAE04EC0-301F-11D3-BF4B-00C04F79EFBC}") = "Id.Overview.Mvc", "Id.Overview.Mvc\Id.Overview.Mvc.csproj", "{265BDFAB-6DCE-4DDF-9D32-4C506156927A}"
EndProject
Global
	GlobalSection(SolutionConfigurationPlatforms) = preSolution
		Debug|Any CPU = Debug|Any CPU
		Release|Any CPU = Release|Any CPU
	EndGlobalSection
	GlobalSection(ProjectConfigurationPlatforms) = postSolution
		{265BDFAB-6DCE-4DDF-9D32-4C506156927A}.Debug|Any CPU.ActiveCfg = Debug|Any CPU
		{265BDFAB-6DCE-4DDF-9D32-4C506156927A}.Debug|Any CPU.Build.0 = Debug|Any CPU
		{265BDFAB-6DCE-4DDF-9D32-4C506156927A}.Release|Any CPU.ActiveCfg = Release|Any CPU
		{265BDFAB-6DCE-4DDF-9D32-4C506156927A}.Release|Any CPU.Build.0 = Release|Any CPU
	EndGlobalSection
	GlobalSection(SolutionProperties) = preSolution
		HideSolutionNode = FALSE
	EndGlobalSection
	GlobalSection(ExtensibilityGlobals) = postSolution
		SolutionGuid = {72A3D51D-3D06-4485-AF96-0666A62A5528}
	EndGlobalSection
EndGlobal
